{
  "nodes": {
    "nixpkgs": {
      "locked": {
        "lastModified": 1634611351,
        "narHash": "sha256-8ikzWlj/CgX3PWPWLvZMNuhXjT1B48tyPDxnCBKX6kw=",
        "owner": "NixOS",
        "repo": "nixpkgs",
        "rev": "bc1974e35d36f87fdbcebf0d5b18b1883af2e61a",
        "type": "github"
      },
      "original": {
        "id": "nixpkgs",
        "type": "indirect"
      }
    },
    "root": {
      "inputs": {
        "nixpkgs": "nixpkgs"
      }
    }
  },
  "root": "root",
  "version": 7
}
